{
  "requires": true,
  "lockfileVersion": 1,
  "dependencies": {
    "ieee754": {
      "version": "1.1.12",
      "resolved": "https://registry.npmjs.org/ieee754/-/ieee754-1.1.12.tgz",
      "integrity": "sha1-UL8k5bnIu5ivSWTJQc2wkY2ntgs="
    },
    "ol": {
      "version": "5.3.1",
      "resolved": "https://registry.npmjs.org/ol/-/ol-5.3.1.tgz",
      "integrity": "sha512-1eCZ/bqqFUqfU2gJl2AWCD6vEpOCohW/OjC4/7lILu7knOfvFAfN2x9I8g0BJfDGYF34XFt1WR62acTfaZ5rUA==",
      "requires": {
        "pbf": "3.1.0",
        "pixelworks": "1.1.0",
        "rbush": "2.0.2"
      }
    },
    "pbf": {
      "version": "3.1.0",
      "resolved": "https://registry.npmjs.org/pbf/-/pbf-3.1.0.tgz",
      "integrity": "sha1-9wAEutyygXYeq7HnbJLxefCBiek=",
      "requires": {
        "ieee754": "^1.1.6",
        "resolve-protobuf-schema": "^2.0.0"
      }
    },
    "pixelworks": {
      "version": "1.1.0",
      "resolved": "https://registry.npmjs.org/pixelworks/-/pixelworks-1.1.0.tgz",
      "integrity": "sha1-Hwla1I3Ki/ihyCWOAJIDGkTyLKU="
    },
    "protocol-buffers-schema": {
      "version": "3.3.2",
      "resolved": "https://registry.npmjs.org/protocol-buffers-schema/-/protocol-buffers-schema-3.3.2.tgz",
      "integrity": "sha1-AENPYItOjfVMWeBw7+78N/tLuFk="
    },
    "quickselect": {
      "version": "1.1.1",
      "resolved": "https://registry.npmjs.org/quickselect/-/quickselect-1.1.1.tgz",
      "integrity": "sha1-hS5BLOQY8jetW2YNcM/6xkeulMI="
    },
    "rbush": {
      "version": "2.0.2",
      "resolved": "https://registry.npmjs.org/rbush/-/rbush-2.0.2.tgz",
      "integrity": "sha1-u2AFwnMbe6HVqaA1dykn0WphRgU=",
      "requires": {
        "quickselect": "^1.0.1"
      }
    },
    "resolve-protobuf-schema": {
      "version": "2.1.0",
      "resolved": "https://registry.npmjs.org/resolve-protobuf-schema/-/resolve-protobuf-schema-2.1.0.tgz",
      "integrity": "sha1-nKmp5pzxkrva8QBuwZc5SKpKN1g=",
      "requires": {
        "protocol-buffers-schema": "^3.3.1"
      }
    }
  }
}
